{
  "name": "rag-kelompok1",
  "lockfileVersion": 3,
  "requires": true,
  "packages": {
    "": {
      "dependencies": {
        "@llamaindex/llama-cloud": "^2.16.0"
      }
    },
    "node_modules/@llamaindex/llama-cloud": {
      "version": "2.16.0",
      "resolved": "https://registry.npmjs.org/@llamaindex/llama-cloud/-/llama-cloud-2.16.0.tgz",
      "integrity": "sha512-yF1XkIvHCX+rAn7FJGbxEqDHqp4brkYRxHuA9+/Y6S+L6khDFFzssfwLYDOQeS0GGu3rlqiIXm4zjBKva98D9Q==",
      "license": "MIT"
    }
  }
}
